
Microsoft Visual Studio Solution File, Format Version 12.00
# Visual Studio Version 16
VisualStudioVersion = 16.0.30225.117
MinimumVisualStudioVersion = 10.0.40219.1
Project("{FAE04EC0-301F-11D3-BF4B-00C04F79EFBC}") = "Lab02-ATM", "Lab02-ATM\Lab02-ATM.csproj", "{F684BA04-9596-4D35-8A71-1AB33F65DBFE}"
EndProject
Project("{FAE04EC0-301F-11D3-BF4B-00C04F79EFBC}") = "Lab02-ATM-Tests", "Lab02-ATM-Tests\Lab02-ATM-Tests.csproj", "{599FC1E0-724E-472A-95AA-66642FF372FD}"
EndProject
Global
	GlobalSection(SolutionConfigurationPlatforms) = preSolution
		Debug|Any CPU = Debug|Any CPU
		Release|Any CPU = Release|Any CPU
	EndGlobalSection
	GlobalSection(ProjectConfigurationPlatforms) = postSolution
		{F684BA04-9596-4D35-8A71-1AB33F65DBFE}.Debug|Any CPU.ActiveCfg = Debug|Any CPU
		{F684BA04-9596-4D35-8A71-1AB33F65DBFE}.Debug|Any CPU.Build.0 = Debug|Any CPU
		{F684BA04-9596-4D35-8A71-1AB33F65DBFE}.Release|Any CPU.ActiveCfg = Release|Any CPU
		{F684BA04-9596-4D35-8A71-1AB33F65DBFE}.Release|Any CPU.Build.0 = Release|Any CPU
		{599FC1E0-724E-472A-95AA-66642FF372FD}.Debug|Any CPU.ActiveCfg = Debug|Any CPU
		{599FC1E0-724E-472A-95AA-66642FF372FD}.Debug|Any CPU.Build.0 = Debug|Any CPU
		{599FC1E0-724E-472A-95AA-66642FF372FD}.Release|Any CPU.ActiveCfg = Release|Any CPU
		{599FC1E0-724E-472A-95AA-66642FF372FD}.Release|Any CPU.Build.0 = Release|Any CPU
	EndGlobalSection
	GlobalSection(SolutionProperties) = preSolution
		HideSolutionNode = FALSE
	EndGlobalSection
	GlobalSection(ExtensibilityGlobals) = postSolution
		SolutionGuid = {09028DD6-EC83-4532-8117-083394D68D42}
	EndGlobalSection
EndGlobal
